
Microsoft Visual Studio Solution File, Format Version 12.00
# Visual Studio Version 17
VisualStudioVersion = 17.5.002.0
MinimumVisualStudioVersion = 10.0.40219.1
Project("{2150E333-8FDC-42A3-9474-1A3956D46DE8}") = "src", "src", "{2A3EEF4C-582C-40F1-A80D-0AFB1D0E2796}"
EndProject
Project("{9A19103F-16F7-4668-BE54-9A1E7A4F7556}") = "csharp", "src\csharp\csharp.csproj", "{7E5033D2-6B23-400C-86FD-5BE15CADC52E}"
EndProject
Global
	GlobalSection(SolutionConfigurationPlatforms) = preSolution
		Debug|Any CPU = Debug|Any CPU
		Release|Any CPU = Release|Any CPU
	EndGlobalSection
	GlobalSection(ProjectConfigurationPlatforms) = postSolution
		{7E5033D2-6B23-400C-86FD-5BE15CADC52E}.Debug|Any CPU.ActiveCfg = Debug|Any CPU
		{7E5033D2-6B23-400C-86FD-5BE15CADC52E}.Debug|Any CPU.Build.0 = Debug|Any CPU
		{7E5033D2-6B23-400C-86FD-5BE15CADC52E}.Release|Any CPU.ActiveCfg = Release|Any CPU
		{7E5033D2-6B23-400C-86FD-5BE15CADC52E}.Release|Any CPU.Build.0 = Release|Any CPU
	EndGlobalSection
	GlobalSection(SolutionProperties) = preSolution
		HideSolutionNode = FALSE
	EndGlobalSection
	GlobalSection(NestedProjects) = preSolution
		{7E5033D2-6B23-400C-86FD-5BE15CADC52E} = {2A3EEF4C-582C-40F1-A80D-0AFB1D0E2796}
	EndGlobalSection
	GlobalSection(ExtensibilityGlobals) = postSolution
		SolutionGuid = {C1A12D34-6A43-4307-9211-6A1348F7FCF4}
	EndGlobalSection
EndGlobal
